// !$*UTF8*$!
{
	archiveVersion = 1;
	classes = {
	};
	objectVersion = 46;
	objects = {

/* Begin PBXBuildFile section */
		1117D21F423E7DAB6508CA02 /* LibXML2Helper.h in Headers */ = {isa = PBXBuildFile; fileRef = 1117DB9050DFF8AF530D5367 /* LibXML2Helper.h */; };
		1117D4FFED8C87B39865C705 /* LibXML2Helper.c in Sources */ = {isa = PBXBuildFile; fileRef = 1117D80D9D8C33CE63F6547F /* LibXML2Helper.c */; };
		83921CBA25549B8D006E314A /* libxml2.2.tbd in Frameworks */ = {isa = PBXBuildFile; fileRef = 83921CB925549B8D006E314A /* libxml2.2.tbd */; };
/* End PBXBuildFile section */

/* Begin PBXFileReference section */
		1117D607A921139F44B73B24 /* Package.swift */ = {isa = PBXFileReference; fileEncoding = 4; lastKnownFileType = sourcecode.swift; path = Package.swift; sourceTree = "<group>"; };
		1117D80D9D8C33CE63F6547F /* LibXML2Helper.c */ = {isa = PBXFileReference; fileEncoding = 4; lastKnownFileType = sourcecode.c.c; path = LibXML2Helper.c; sourceTree = "<group>"; };
		1117D9CA0739A3B13860B90B /* README.md */ = {isa = PBXFileReference; fileEncoding = 4; lastKnownFileType = net.daringfireball.markdown; path = README.md; sourceTree = "<group>"; };
		1117DA5A18214531F77242B1 /* LICENSE */ = {isa = PBXFileReference; fileEncoding = 4; lastKnownFileType = text; path = LICENSE; sourceTree = "<group>"; };
		1117DB9050DFF8AF530D5367 /* LibXML2Helper.h */ = {isa = PBXFileReference; fileEncoding = 4; lastKnownFileType = sourcecode.c.h; path = LibXML2Helper.h; sourceTree = "<group>"; };
		1117DDF3D0ED06D65C5A4E99 /* libLibXML2Helper.a */ = {isa = PBXFileReference; explicitFileType = archive.ar; includeInIndex = 0; path = libLibXML2Helper.a; sourceTree = BUILT_PRODUCTS_DIR; };
		83921CB925549B8D006E314A /* libxml2.2.tbd */ = {isa = PBXFileReference; lastKnownFileType = "sourcecode.text-based-dylib-definition"; name = libxml2.2.tbd; path = usr/lib/libxml2.2.tbd; sourceTree = SDKROOT; };
/* End PBXFileReference section */

/* Begin PBXFrameworksBuildPhase section */
		1117D1B33DFAFE5674433C24 /* Frameworks */ = {
			isa = PBXFrameworksBuildPhase;
			buildActionMask = 2147483647;
			files = (
				83921CBA25549B8D006E314A /* libxml2.2.tbd in Frameworks */,
			);
			runOnlyForDeploymentPostprocessing = 0;
		};
/* End PBXFrameworksBuildPhase section */

/* Begin PBXGroup section */
		1117D42D06165B01DF0FF2E9 /* include */ = {
			isa = PBXGroup;
			children = (
				1117DB9050DFF8AF530D5367 /* LibXML2Helper.h */,
			);
			path = include;
			sourceTree = "<group>";
		};
		1117D75CC97D30B3ECACD35A /* Products */ = {
			isa = PBXGroup;
			children = (
				1117DDF3D0ED06D65C5A4E99 /* libLibXML2Helper.a */,
			);
			name = Products;
			sourceTree = "<group>";
		};
		1117D8C602185A489751EEAB /* Sources */ = {
			isa = PBXGroup;
			children = (
				1117DBD2C40C9C47F0EA4459 /* LibXML2Helper */,
			);
			path = Sources;
			sourceTree = "<group>";
		};
		1117DAD5CF2FDB5747B5B890 = {
			isa = PBXGroup;
			children = (
				1117D75CC97D30B3ECACD35A /* Products */,
				1117D8C602185A489751EEAB /* Sources */,
				1117D9CA0739A3B13860B90B /* README.md */,
				1117D607A921139F44B73B24 /* Package.swift */,
				1117DA5A18214531F77242B1 /* LICENSE */,
				83921CB825549B8D006E314A /* Frameworks */,
			);
			sourceTree = "<group>";
		};
		1117DBD2C40C9C47F0EA4459 /* LibXML2Helper */ = {
			isa = PBXGroup;
			children = (
				1117D80D9D8C33CE63F6547F /* LibXML2Helper.c */,
				1117D42D06165B01DF0FF2E9 /* include */,
			);
			path = LibXML2Helper;
			sourceTree = "<group>";
		};
		83921CB825549B8D006E314A /* Frameworks */ = {
			isa = PBXGroup;
			children = (
				83921CB925549B8D006E314A /* libxml2.2.tbd */,
			);
			name = Frameworks;
			sourceTree = "<group>";
		};
/* End PBXGroup section */

/* Begin PBXHeadersBuildPhase section */
		1117DF12273CAF1A50667F29 /* Headers */ = {
			isa = PBXHeadersBuildPhase;
			buildActionMask = 2147483647;
			files = (
				1117D21F423E7DAB6508CA02 /* LibXML2Helper.h in Headers */,
			);
			runOnlyForDeploymentPostprocessing = 0;
		};
/* End PBXHeadersBuildPhase section */

/* Begin PBXNativeTarget section */
		1117D44A9EA965DD71CE146E /* LibXML2Helper */ = {
			isa = PBXNativeTarget;
			buildConfigurationList = 1117DF5847556B886B72DF50 /* Build configuration list for PBXNativeTarget "LibXML2Helper" */;
			buildPhases = (
				1117DF12273CAF1A50667F29 /* Headers */,
				1117DE4063285E23160891BA /* Sources */,
				1117D1B33DFAFE5674433C24 /* Frameworks */,
			);
			buildRules = (
			);
			dependencies = (
			);
			name = LibXML2Helper;
			productName = LibXML2Helper;
			productReference = 1117DDF3D0ED06D65C5A4E99 /* libLibXML2Helper.a */;
			productType = "com.apple.product-type.library.static";
		};
/* End PBXNativeTarget section */

/* Begin PBXProject section */
		1117DCB4A4EB69305E1907A1 /* Project object */ = {
			isa = PBXProject;
			attributes = {
			};
			buildConfigurationList = 1117D404F54A0F3078B0CFE3 /* Build configuration list for PBXProject "LibXML2Helper" */;
			compatibilityVersion = "Xcode 3.2";
			developmentRegion = en;
			hasScannedForEncodings = 0;
			knownRegions = (
				en,
				Base,
			);
			mainGroup = 1117DAD5CF2FDB5747B5B890;
			productRefGroup = 1117D75CC97D30B3ECACD35A /* Products */;
			projectDirPath = "";
			projectRoot = "";
			targets = (
				1117D44A9EA965DD71CE146E /* LibXML2Helper */,
			);
		};
/* End PBXProject section */

/* Begin PBXSourcesBuildPhase section */
		1117DE4063285E23160891BA /* Sources */ = {
			isa = PBXSourcesBuildPhase;
			buildActionMask = 2147483647;
			files = (
				1117D4FFED8C87B39865C705 /* LibXML2Helper.c in Sources */,
			);
			runOnlyForDeploymentPostprocessing = 0;
		};
/* End PBXSourcesBuildPhase section */

/* Begin XCBuildConfiguration section */
		1117D3294ABD32BF866CCA01 /* Debug */ = {
			isa = XCBuildConfiguration;
			buildSettings = {
				EXECUTABLE_PREFIX = lib;
				PRODUCT_NAME = "$(TARGET_NAME)";
				SKIP_INSTALL = YES;
			};
			name = Debug;
		};
		1117DCF968947BEA305E586D /* Debug */ = {
			isa = XCBuildConfiguration;
			buildSettings = {
				ALWAYS_SEARCH_USER_PATHS = NO;
				CLANG_ANALYZER_NONNULL = YES;
				CLANG_ANALYZER_NUMBER_OBJECT_CONVERSION = YES_AGGRESSIVE;
				CLANG_CXX_LANGUAGE_STANDARD = "gnu++14";
				CLANG_CXX_LIBRARY = "libc++";
				CLANG_ENABLE_MODULES = YES;
				CLANG_ENABLE_OBJC_ARC = YES;
				CLANG_ENABLE_OBJC_WEAK = YES;
				CLANG_WARN_BLOCK_CAPTURE_AUTORELEASING = YES;
				CLANG_WARN_BOOL_CONVERSION = YES;
				CLANG_WARN_COMMA = YES;
				CLANG_WARN_CONSTANT_CONVERSION = YES;
				CLANG_WARN_DEPRECATED_OBJC_IMPLEMENTATIONS = YES;
				CLANG_WARN_DIRECT_OBJC_ISA_USAGE = YES_ERROR;
				CLANG_WARN_DOCUMENTATION_COMMENTS = YES;
				CLANG_WARN_EMPTY_BODY = YES;
				CLANG_WARN_ENUM_CONVERSION = YES;
				CLANG_WARN_INFINITE_RECURSION = YES;
				CLANG_WARN_INT_CONVERSION = YES;
				CLANG_WARN_NON_LITERAL_NULL_CONVERSION = YES;
				CLANG_WARN_OBJC_IMPLICIT_RETAIN_SELF = YES;
				CLANG_WARN_OBJC_LITERAL_CONVERSION = YES;
				CLANG_WARN_OBJC_ROOT_CLASS = YES_ERROR;
				CLANG_WARN_QUOTED_INCLUDE_IN_FRAMEWORK_HEADER = YES;
				CLANG_WARN_RANGE_LOOP_ANALYSIS = YES;
				CLANG_WARN_STRICT_PROTOTYPES = YES;
				CLANG_WARN_SUSPICIOUS_MOVE = YES;
				CLANG_WARN_UNGUARDED_AVAILABILITY = YES_AGGRESSIVE;
				CLANG_WARN_UNREACHABLE_CODE = YES;
				CLANG_WARN__DUPLICATE_METHOD_MATCH = YES;
				COPY_PHASE_STRIP = NO;
				DEBUG_INFORMATION_FORMAT = dwarf;
				ENABLE_STRICT_OBJC_MSGSEND = YES;
				ENABLE_TESTABILITY = YES;
				GCC_C_LANGUAGE_STANDARD = gnu11;
				GCC_DYNAMIC_NO_PIC = NO;
				GCC_NO_COMMON_BLOCKS = YES;
				GCC_OPTIMIZATION_LEVEL = 0;
				GCC_PREPROCESSOR_DEFINITIONS = (
					"DEBUG=1",
					"$(inherited)",
				);
				GCC_WARN_64_TO_32_BIT_CONVERSION = YES;
				GCC_WARN_ABOUT_RETURN_TYPE = YES_ERROR;
				GCC_WARN_UNDECLARED_SELECTOR = YES;
				GCC_WARN_UNINITIALIZED_AUTOS = YES_AGGRESSIVE;
				GCC_WARN_UNUSED_FUNCTION = YES;
				GCC_WARN_UNUSED_VARIABLE = YES;
				MACOSX_DEPLOYMENT_TARGET = 10.15;
				MTL_ENABLE_DEBUG_INFO = INCLUDE_SOURCE;
				MTL_FAST_MATH = YES;
				ONLY_ACTIVE_ARCH = YES;
				SDKROOT = macosx;
			};
			name = Debug;
		};
		1117DDA0C1C67322B0980FAB /* Release */ = {
			isa = XCBuildConfiguration;
			buildSettings = {
				EXECUTABLE_PREFIX = lib;
				PRODUCT_NAME = "$(TARGET_NAME)";
				SKIP_INSTALL = YES;
			};
			name = Release;
		};
		1117DEF0635B76BF160DF16A /* Release */ = {
			isa = XCBuildConfiguration;
			buildSettings = {
				ALWAYS_SEARCH_USER_PATHS = NO;
				CLANG_ANALYZER_NONNULL = YES;
				CLANG_ANALYZER_NUMBER_OBJECT_CONVERSION = YES_AGGRESSIVE;
				CLANG_CXX_LANGUAGE_STANDARD = "gnu++14";
				CLANG_CXX_LIBRARY = "libc++";
				CLANG_ENABLE_MODULES = YES;
				CLANG_ENABLE_OBJC_ARC = YES;
				CLANG_ENABLE_OBJC_WEAK = YES;
				CLANG_WARN_BLOCK_CAPTURE_AUTORELEASING = YES;
				CLANG_WARN_BOOL_CONVERSION = YES;
				CLANG_WARN_COMMA = YES;
				CLANG_WARN_CONSTANT_CONVERSION = YES;
				CLANG_WARN_DEPRECATED_OBJC_IMPLEMENTATIONS = YES;
				CLANG_WARN_DIRECT_OBJC_ISA_USAGE = YES_ERROR;
				CLANG_WARN_DOCUMENTATION_COMMENTS = YES;
				CLANG_WARN_EMPTY_BODY = YES;
				CLANG_WARN_ENUM_CONVERSION = YES;
				CLANG_WARN_INFINITE_RECURSION = YES;
				CLANG_WARN_INT_CONVERSION = YES;
				CLANG_WARN_NON_LITERAL_NULL_CONVERSION = YES;
				CLANG_WARN_OBJC_IMPLICIT_RETAIN_SELF = YES;
				CLANG_WARN_OBJC_LITERAL_CONVERSION = YES;
				CLANG_WARN_OBJC_ROOT_CLASS = YES_ERROR;
				CLANG_WARN_QUOTED_INCLUDE_IN_FRAMEWORK_HEADER = YES;
				CLANG_WARN_RANGE_LOOP_ANALYSIS = YES;
				CLANG_WARN_STRICT_PROTOTYPES = YES;
				CLANG_WARN_SUSPICIOUS_MOVE = YES;
				CLANG_WARN_UNGUARDED_AVAILABILITY = YES_AGGRESSIVE;
				CLANG_WARN_UNREACHABLE_CODE = YES;
				CLANG_WARN__DUPLICATE_METHOD_MATCH = YES;
				COPY_PHASE_STRIP = NO;
				DEBUG_INFORMATION_FORMAT = "dwarf-with-dsym";
				ENABLE_NS_ASSERTIONS = NO;
				ENABLE_STRICT_OBJC_MSGSEND = YES;
				GCC_C_LANGUAGE_STANDARD = gnu11;
				GCC_NO_COMMON_BLOCKS = YES;
				GCC_WARN_64_TO_32_BIT_CONVERSION = YES;
				GCC_WARN_ABOUT_RETURN_TYPE = YES_ERROR;
				GCC_WARN_UNDECLARED_SELECTOR = YES;
				GCC_WARN_UNINITIALIZED_AUTOS = YES_AGGRESSIVE;
				GCC_WARN_UNUSED_FUNCTION = YES;
				GCC_WARN_UNUSED_VARIABLE = YES;
				MACOSX_DEPLOYMENT_TARGET = 10.15;
				MTL_ENABLE_DEBUG_INFO = NO;
				MTL_FAST_MATH = YES;
				SDKROOT = macosx;
			};
			name = Release;
		};
/* End XCBuildConfiguration section */

/* Begin XCConfigurationList section */
		1117D404F54A0F3078B0CFE3 /* Build configuration list for PBXProject "LibXML2Helper" */ = {
			isa = XCConfigurationList;
			buildConfigurations = (
				1117DCF968947BEA305E586D /* Debug */,
				1117DEF0635B76BF160DF16A /* Release */,
			);
			defaultConfigurationIsVisible = 0;
			defaultConfigurationName = Release;
		};
		1117DF5847556B886B72DF50 /* Build configuration list for PBXNativeTarget "LibXML2Helper" */ = {
			isa = XCConfigurationList;
			buildConfigurations = (
				1117D3294ABD32BF866CCA01 /* Debug */,
				1117DDA0C1C67322B0980FAB /* Release */,
			);
			defaultConfigurationIsVisible = 0;
			defaultConfigurationName = Release;
		};
/* End XCConfigurationList section */
	};
	rootObject = 1117DCB4A4EB69305E1907A1 /* Project object */;
}
